
Microsoft Visual Studio Solution File, Format Version 12.00
# Visual Studio Version 17
VisualStudioVersion = 17.14.36717.8 d17.14
MinimumVisualStudioVersion = 10.0.40219.1
Project("{FAE04EC0-301F-11D3-BF4B-00C04F79EFBC}") = "Çoklu Dil Çeviri Uygulaması", "Çoklu Dil Çeviri Uygulaması\Çoklu Dil Çeviri Uygulaması.csproj", "{BE1DE232-4CB1-4DFF-BB67-2D9AF8F8525E}"
EndProject
Global
	GlobalSection(SolutionConfigurationPlatforms) = preSolution
		Debug|Any CPU = Debug|Any CPU
		Release|Any CPU = Release|Any CPU
	EndGlobalSection
	GlobalSection(ProjectConfigurationPlatforms) = postSolution
		{BE1DE232-4CB1-4DFF-BB67-2D9AF8F8525E}.Debug|Any CPU.ActiveCfg = Debug|Any CPU
		{BE1DE232-4CB1-4DFF-BB67-2D9AF8F8525E}.Debug|Any CPU.Build.0 = Debug|Any CPU
		{BE1DE232-4CB1-4DFF-BB67-2D9AF8F8525E}.Release|Any CPU.ActiveCfg = Release|Any CPU
		{BE1DE232-4CB1-4DFF-BB67-2D9AF8F8525E}.Release|Any CPU.Build.0 = Release|Any CPU
	EndGlobalSection
	GlobalSection(SolutionProperties) = preSolution
		HideSolutionNode = FALSE
	EndGlobalSection
	GlobalSection(ExtensibilityGlobals) = postSolution
		SolutionGuid = {D97DA103-9960-40EC-B262-B574BABA48EF}
	EndGlobalSection
EndGlobal
